
Microsoft Visual Studio Solution File, Format Version 12.00
# Visual Studio Version 16
VisualStudioVersion = 16.0.808.2
MinimumVisualStudioVersion = 10.0.40219.1
Project("{FAE04EC0-301F-11D3-BF4B-00C04F79EFBC}") = "handson.c.sharp", "handson.c.sharp\handson.c.sharp.csproj", "{1B790C72-F4E0-461E-A263-8B13AC6D585B}"
EndProject
Global
	GlobalSection(SolutionConfigurationPlatforms) = preSolution
		Debug|Any CPU = Debug|Any CPU
		Release|Any CPU = Release|Any CPU
	EndGlobalSection
	GlobalSection(ProjectConfigurationPlatforms) = postSolution
		{1B790C72-F4E0-461E-A263-8B13AC6D585B}.Debug|Any CPU.ActiveCfg = Debug|Any CPU
		{1B790C72-F4E0-461E-A263-8B13AC6D585B}.Debug|Any CPU.Build.0 = Debug|Any CPU
		{1B790C72-F4E0-461E-A263-8B13AC6D585B}.Release|Any CPU.ActiveCfg = Release|Any CPU
		{1B790C72-F4E0-461E-A263-8B13AC6D585B}.Release|Any CPU.Build.0 = Release|Any CPU
	EndGlobalSection
	GlobalSection(SolutionProperties) = preSolution
		HideSolutionNode = FALSE
	EndGlobalSection
	GlobalSection(ExtensibilityGlobals) = postSolution
		SolutionGuid = {C3C14B33-D51B-4492-9050-46197E5FA5B8}
	EndGlobalSection
EndGlobal
