
Microsoft Visual Studio Solution File, Format Version 12.00
# Visual Studio Version 16
VisualStudioVersion = 16.0.808.6
MinimumVisualStudioVersion = 10.0.40219.1
Project("{FAE04EC0-301F-11D3-BF4B-00C04F79EFBC}") = "handson.c.sharp", "handson.c.sharp.csproj", "{9E47132A-DE2F-4463-83E1-27D3E4BB401C}"
EndProject
Global
	GlobalSection(SolutionConfigurationPlatforms) = preSolution
		Debug|Any CPU = Debug|Any CPU
		Release|Any CPU = Release|Any CPU
	EndGlobalSection
	GlobalSection(ProjectConfigurationPlatforms) = postSolution
		{9E47132A-DE2F-4463-83E1-27D3E4BB401C}.Debug|Any CPU.ActiveCfg = Debug|Any CPU
		{9E47132A-DE2F-4463-83E1-27D3E4BB401C}.Debug|Any CPU.Build.0 = Debug|Any CPU
		{9E47132A-DE2F-4463-83E1-27D3E4BB401C}.Release|Any CPU.ActiveCfg = Release|Any CPU
		{9E47132A-DE2F-4463-83E1-27D3E4BB401C}.Release|Any CPU.Build.0 = Release|Any CPU
	EndGlobalSection
	GlobalSection(SolutionProperties) = preSolution
		HideSolutionNode = FALSE
	EndGlobalSection
	GlobalSection(ExtensibilityGlobals) = postSolution
		SolutionGuid = {D92BC2C4-1E09-4960-97FF-8D0B9300F731}
	EndGlobalSection
EndGlobal
